
Microsoft Visual Studio Solution File, Format Version 12.00
# Visual Studio Version 16
VisualStudioVersion = 16.0.30011.22
MinimumVisualStudioVersion = 10.0.40219.1
Project("{FAE04EC0-301F-11D3-BF4B-00C04F79EFBC}") = "InventoryService1", "InventoryService1\InventoryService1.csproj", "{1BF988A7-C6A0-4FBD-A22C-448A9D8599E4}"
EndProject
Global
	GlobalSection(SolutionConfigurationPlatforms) = preSolution
		Debug|Any CPU = Debug|Any CPU
		Release|Any CPU = Release|Any CPU
	EndGlobalSection
	GlobalSection(ProjectConfigurationPlatforms) = postSolution
		{1BF988A7-C6A0-4FBD-A22C-448A9D8599E4}.Debug|Any CPU.ActiveCfg = Debug|Any CPU
		{1BF988A7-C6A0-4FBD-A22C-448A9D8599E4}.Debug|Any CPU.Build.0 = Debug|Any CPU
		{1BF988A7-C6A0-4FBD-A22C-448A9D8599E4}.Release|Any CPU.ActiveCfg = Release|Any CPU
		{1BF988A7-C6A0-4FBD-A22C-448A9D8599E4}.Release|Any CPU.Build.0 = Release|Any CPU
	EndGlobalSection
	GlobalSection(SolutionProperties) = preSolution
		HideSolutionNode = FALSE
	EndGlobalSection
	GlobalSection(ExtensibilityGlobals) = postSolution
		SolutionGuid = {A500840B-1237-4589-821F-662C6098DF98}
	EndGlobalSection
EndGlobal
